
Microsoft Visual Studio Solution File, Format Version 12.00
# Visual Studio Version 17
VisualStudioVersion = 17.10.34928.147
MinimumVisualStudioVersion = 10.0.40219.1
Project("{FAE04EC0-301F-11D3-BF4B-00C04F79EFBC}") = "Exercise3", "Exercise3.csproj", "{1A4393F7-4BE1-4EDB-BC67-9B8B8D74E63A}"
EndProject
Global
	GlobalSection(SolutionConfigurationPlatforms) = preSolution
		Debug|Any CPU = Debug|Any CPU
		Release|Any CPU = Release|Any CPU
	EndGlobalSection
	GlobalSection(ProjectConfigurationPlatforms) = postSolution
		{1A4393F7-4BE1-4EDB-BC67-9B8B8D74E63A}.Debug|Any CPU.ActiveCfg = Debug|Any CPU
		{1A4393F7-4BE1-4EDB-BC67-9B8B8D74E63A}.Debug|Any CPU.Build.0 = Debug|Any CPU
		{1A4393F7-4BE1-4EDB-BC67-9B8B8D74E63A}.Release|Any CPU.ActiveCfg = Release|Any CPU
		{1A4393F7-4BE1-4EDB-BC67-9B8B8D74E63A}.Release|Any CPU.Build.0 = Release|Any CPU
	EndGlobalSection
	GlobalSection(SolutionProperties) = preSolution
		HideSolutionNode = FALSE
	EndGlobalSection
	GlobalSection(ExtensibilityGlobals) = postSolution
		SolutionGuid = {E606D74A-BECE-4DEF-ACE7-CE19369737FC}
	EndGlobalSection
EndGlobal
